{
  "name": "example",
  "version": "1.0.0",
  "lockfileVersion": 3,
  "requires": true,
  "packages": {
    "": {
      "name": "example",
      "version": "1.0.0",
      "license": "ISC",
      "dependencies": {
        "@hazae41/cubane": "^0.1.6",
        "@hazae41/jsonrpc": "^1.0.3"
      },
      "devDependencies": {
        "@hazae41/saumon": "^0.2.7"
      }
    },
    "node_modules/@hazae41/alocer": {
      "version": "1.0.9",
      "resolved": "https://registry.npmjs.org/@hazae41/alocer/-/alocer-1.0.9.tgz",
      "integrity": "sha512-G9rtFHpcyh7rVWVPyJdrDH63cNPk51NYYygM5F3R/YzBAkzaSzlqW+rC1CjNGcVbHlzSnThGAPUoOpnfopM45A==",
      "optional": true
    },
    "node_modules/@hazae41/base16": {
      "version": "1.0.16",
      "resolved": "https://registry.npmjs.org/@hazae41/base16/-/base16-1.0.16.tgz",
      "integrity": "sha512-nwbaxWPI0OFW9QcrFBJvVF0A5jXhR0RbtTCx54RNxbBwnYgRoJkVLSQx1xJchqrXboTgO8qKAJqOcZTad0GCiA==",
      "dependencies": {
        "@hazae41/box": "^1.0.11",
        "@hazae41/option": "^1.0.26",
        "@hazae41/result": "^1.1.8"
      },
      "optionalDependencies": {
        "@hazae41/alocer": "^1.0.9",
        "@scure/base": "^1.1.3"
      }
    },
    "node_modules/@hazae41/binary": {
      "version": "1.3.4",
      "resolved": "https://registry.npmjs.org/@hazae41/binary/-/binary-1.3.4.tgz",
      "integrity": "sha512-U+WQs8S6SIqU7AN3YwvSAD3ujMzRIEJHssZ6yyYGBWCoDBqDCMlw/dDBsVxx1qeVcHWz4zTLOFQYuymMaizWjQ==",
      "dependencies": {
        "@hazae41/bytes": "^1.2.7",
        "@hazae41/cursor": "^1.2.2",
        "@hazae41/result": "^1.1.11"
      }
    },
    "node_modules/@hazae41/box": {
      "version": "1.0.14",
      "resolved": "https://registry.npmjs.org/@hazae41/box/-/box-1.0.14.tgz",
      "integrity": "sha512-RevIMZBVRmp0BDkpBpL77sr3Rk7XdqzBZcw+UsfUT4JAly/sryM/NDzJa80sMyO6aERJkjHUQaxH5DYDznPhkw==",
      "dependencies": {
        "@hazae41/result": "^1.1.11"
      }
    },
    "node_modules/@hazae41/bytes": {
      "version": "1.2.9",
      "resolved": "https://registry.npmjs.org/@hazae41/bytes/-/bytes-1.2.9.tgz",
      "integrity": "sha512-3GS1ghIpIyr6Afc3PYkX426DhEIpzVY1phTf2WWNTQREKRtayd92Qi2LTyQUyFtGhFSkIBkxktRWz0hpUu+3Lw==",
      "dependencies": {
        "@hazae41/base16": "^1.0.16",
        "@hazae41/result": "^1.1.8"
      }
    },
    "node_modules/@hazae41/cubane": {
      "version": "0.1.6",
      "resolved": "https://registry.npmjs.org/@hazae41/cubane/-/cubane-0.1.6.tgz",
      "integrity": "sha512-Rqa/tu2irbqnHDwlkdXyHoMjlcqUFjSt2WnVERVepMpLQ5lsF/Hg1d6aZU8MHrjxgdO638JNQ9tK3BvcRjWzqA==",
      "dependencies": {
        "@hazae41/base16": "^1.0.16",
        "@hazae41/binary": "^1.3.4",
        "@hazae41/box": "^1.0.14",
        "@hazae41/bytes": "^1.2.9",
        "@hazae41/cursor": "^1.2.3",
        "@hazae41/keccak256": "^1.0.8",
        "@hazae41/option": "^1.0.27",
        "@hazae41/result": "^1.1.12",
        "idna-uts46-hx": "^5.1.2"
      }
    },
    "node_modules/@hazae41/cursor": {
      "version": "1.2.3",
      "resolved": "https://registry.npmjs.org/@hazae41/cursor/-/cursor-1.2.3.tgz",
      "integrity": "sha512-mH8fjaptELb4aca9SWaJq+GU3+NS7GhtNAVRorVLen/dxhu1ILmhk0GJfjNX8oJmaXaasjO6WdnKkMpzZ79AxQ==",
      "dependencies": {
        "@hazae41/result": "^1.1.11"
      }
    },
    "node_modules/@hazae41/jsonrpc": {
      "version": "1.0.3",
      "resolved": "https://registry.npmjs.org/@hazae41/jsonrpc/-/jsonrpc-1.0.3.tgz",
      "integrity": "sha512-HHBQbLkVPkuKj8R/3YcU2ZMK9WA7WPjJOdeGCYa/J3yL2hS2+wQYavu+fHaz2LNq0VLnP769T0luX+pCgNp8xw==",
      "dependencies": {
        "@hazae41/result": "^1.1.4"
      }
    },
    "node_modules/@hazae41/keccak256": {
      "version": "1.0.8",
      "resolved": "https://registry.npmjs.org/@hazae41/keccak256/-/keccak256-1.0.8.tgz",
      "integrity": "sha512-20z12XgYl2pXgCl1NeqneIe9fG0SQbUYb4LYZ3qHpTELA9aqcI+wPREiO6+Djn8uFp/C6ZtLVcV6UC8W3N9ijw==",
      "dependencies": {
        "@hazae41/box": "^1.0.11",
        "@hazae41/option": "^1.0.26",
        "@hazae41/result": "^1.1.8"
      },
      "optionalDependencies": {
        "@hazae41/morax": "^1.1.4",
        "@noble/hashes": "^1.3.2"
      }
    },
    "node_modules/@hazae41/morax": {
      "version": "1.1.5",
      "resolved": "https://registry.npmjs.org/@hazae41/morax/-/morax-1.1.5.tgz",
      "integrity": "sha512-zTIMd5k/1JQ1cD4EoRrOZdUnMKn92tMkOrldg9FmcRTwC8g8kz3qweJJyCmVEp5vPBwkmm9kJR2vEeDLv7tGAQ==",
      "optional": true
    },
    "node_modules/@hazae41/option": {
      "version": "1.0.27",
      "resolved": "https://registry.npmjs.org/@hazae41/option/-/option-1.0.27.tgz",
      "integrity": "sha512-5hD+XtEwLAx54Z93alEa2B8ZurVs/HqZolc6C4OI3gJbaSmnypo0o5b8QSB98O8lcPwypa+8YcQtWffTF2J2mw==",
      "dependencies": {
        "@hazae41/result": "^1.1.9"
      }
    },
    "node_modules/@hazae41/result": {
      "version": "1.1.12",
      "resolved": "https://registry.npmjs.org/@hazae41/result/-/result-1.1.12.tgz",
      "integrity": "sha512-UpbOL30LmEyUXbrp2+Ndhd0n4iw5bSloOWyMdpXZiKxuooT0Ga4Go30ZcETAlF1gb7G9ZmRdC1KoYkM2WVn7+w==",
      "dependencies": {
        "@hazae41/option": "^1.0.27"
      }
    },
    "node_modules/@hazae41/saumon": {
      "version": "0.2.7",
      "resolved": "https://registry.npmjs.org/@hazae41/saumon/-/saumon-0.2.7.tgz",
      "integrity": "sha512-RcaNRZPe7Cgozjj1y9KnDRc3bpRWVtOvBOP1hxvUuldj8XPhwK3OtoNg4E3732yTE1Ov68QoZT/ljfRH06FdjQ==",
      "dev": true,
      "bin": {
        "saumon": "dist/cli/index.cli.mjs"
      }
    },
    "node_modules/@noble/hashes": {
      "version": "1.3.2",
      "resolved": "https://registry.npmjs.org/@noble/hashes/-/hashes-1.3.2.tgz",
      "integrity": "sha512-MVC8EAQp7MvEcm30KWENFjgR+Mkmf+D189XJTkFIlwohU5hcBbn1ZkKq7KVTi2Hme3PMGF390DaL52beVrIihQ==",
      "optional": true,
      "engines": {
        "node": ">= 16"
      },
      "funding": {
        "url": "https://paulmillr.com/funding/"
      }
    },
    "node_modules/@scure/base": {
      "version": "1.1.3",
      "resolved": "https://registry.npmjs.org/@scure/base/-/base-1.1.3.tgz",
      "integrity": "sha512-/+SgoRjLq7Xlf0CWuLHq2LUZeL/w65kfzAPG5NH9pcmBhs+nunQTn4gvdwgMTIXnt9b2C/1SeL2XiysZEyIC9Q==",
      "optional": true,
      "funding": {
        "url": "https://paulmillr.com/funding/"
      }
    },
    "node_modules/idna-uts46-hx": {
      "version": "5.1.2",
      "resolved": "https://registry.npmjs.org/idna-uts46-hx/-/idna-uts46-hx-5.1.2.tgz",
      "integrity": "sha512-lLQOVOuJOq5uH5NWd5bnkXtpUY5uEQBVw918cC6ePmoEwa54EB/+c4rEKQ0HIspceomILY0WSap8mh0vSBHpoA==",
      "dependencies": {
        "punycode": "^2.1.1"
      },
      "engines": {
        "node": ">=20.6.1"
      }
    },
    "node_modules/punycode": {
      "version": "2.3.1",
      "resolved": "https://registry.npmjs.org/punycode/-/punycode-2.3.1.tgz",
      "integrity": "sha512-vYt7UD1U9Wg6138shLtLOvdAu+8DsC/ilFtEVHcH+wydcSpNE20AfSOduf6MkRFahL5FY7X1oU7nKVZFtfq8Fg==",
      "engines": {
        "node": ">=6"
      }
    }
  }
}
